{
  "originHash" : "85da776e64e7a634226acd93c77c6ac42601acffe86b193645d112d7fd3e5aba",
  "pins" : [
    {
      "identity" : "versionedcodable",
      "kind" : "remoteSourceControl",
      "location" : "https://github.com/jrothwell/VersionedCodable.git",
      "state" : {
        "revision" : "bc46608052e6bb9e12ebbfd9b4fa1f6d19724a6b",
        "version" : "1.2.4"
      }
    }
  ],
  "version" : 3
}
