{
  "originHash" : "8b598035d4a4d6bdfa0128bb58f37077db0e810460d41e57990545585f8e7b73",
  "pins" : [
    {
      "identity" : "expression",
      "kind" : "remoteSourceControl",
      "location" : "https://github.com/nicklockwood/Expression.git",
      "state" : {
        "revision" : "95ffe4c352e456cede933d9910d25b9c84039d1b",
        "version" : "0.13.9"
      }
    },
    {
      "identity" : "versionedcodable",
      "kind" : "remoteSourceControl",
      "location" : "https://github.com/jrothwell/VersionedCodable.git",
      "state" : {
        "revision" : "bc46608052e6bb9e12ebbfd9b4fa1f6d19724a6b",
        "version" : "1.2.4"
      }
    }
  ],
  "version" : 3
}
