// !$*UTF8*$!
{
	archiveVersion = 1;
	classes = {
	};
	objectVersion = 77;
	objects = {

/* Begin PBXBuildFile section */
		1A00584430042E1600A2CCE8 /* VersionedCodable in Frameworks */ = {isa = PBXBuildFile; productRef = 1A00584330042E1600A2CCE8 /* VersionedCodable */; };
		1A0058503005736B00A2CCE8 /* test.json in Resources */ = {isa = PBXBuildFile; fileRef = 1A00584F3005736100A2CCE8 /* test.json */; };
		1A005853300590BD00A2CCE8 /* Expression in Frameworks */ = {isa = PBXBuildFile; productRef = 1A005852300590BD00A2CCE8 /* Expression */; };
		1A4F843A300AC9ED00CEE6D1 /* SwiftGitX in Frameworks */ = {isa = PBXBuildFile; productRef = 1A4F8439300AC9ED00CEE6D1 /* SwiftGitX */; };
		1A4F843D300ADA5A00CEE6D1 /* KeychainSwift in Frameworks */ = {isa = PBXBuildFile; productRef = 1A4F843C300ADA5A00CEE6D1 /* KeychainSwift */; };
		1A4F8446300AE93E00CEE6D1 /* OctoKit in Frameworks */ = {isa = PBXBuildFile; productRef = 1A4F8445300AE93E00CEE6D1 /* OctoKit */; };
/* End PBXBuildFile section */

/* Begin PBXContainerItemProxy section */
		1A1BFA4230042A8A00BC447B /* PBXContainerItemProxy */ = {
			isa = PBXContainerItemProxy;
			containerPortal = 1A1BFA2C30042A8900BC447B /* Project object */;
			proxyType = 1;
			remoteGlobalIDString = 1A1BFA3330042A8900BC447B;
			remoteInfo = Checklistd;
		};
		1A1BFA4C30042A8A00BC447B /* PBXContainerItemProxy */ = {
			isa = PBXContainerItemProxy;
			containerPortal = 1A1BFA2C30042A8900BC447B /* Project object */;
			proxyType = 1;
			remoteGlobalIDString = 1A1BFA3330042A8900BC447B;
			remoteInfo = Checklistd;
		};
/* End PBXContainerItemProxy section */

/* Begin PBXFileReference section */
		1A00584F3005736100A2CCE8 /* test.json */ = {isa = PBXFileReference; lastKnownFileType = text.json; path = test.json; sourceTree = "<group>"; };
		1A1BFA3430042A8900BC447B /* Checklistd.app */ = {isa = PBXFileReference; explicitFileType = wrapper.application; includeInIndex = 0; path = Checklistd.app; sourceTree = BUILT_PRODUCTS_DIR; };
		1A1BFA4130042A8A00BC447B /* ChecklistdTests.xctest */ = {isa = PBXFileReference; explicitFileType = wrapper.cfbundle; includeInIndex = 0; path = ChecklistdTests.xctest; sourceTree = BUILT_PRODUCTS_DIR; };
		1A1BFA4B30042A8A00BC447B /* ChecklistdUITests.xctest */ = {isa = PBXFileReference; explicitFileType = wrapper.cfbundle; includeInIndex = 0; path = ChecklistdUITests.xctest; sourceTree = BUILT_PRODUCTS_DIR; };
/* End PBXFileReference section */

/* Begin PBXFileSystemSynchronizedRootGroup section */
		1A1BFA3630042A8900BC447B /* Checklistd */ = {
			isa = PBXFileSystemSynchronizedRootGroup;
			path = Checklistd;
			sourceTree = "<group>";
		};
		1A1BFA4430042A8A00BC447B /* ChecklistdTests */ = {
			isa = PBXFileSystemSynchronizedRootGroup;
			path = ChecklistdTests;
			sourceTree = "<group>";
		};
		1A1BFA4E30042A8A00BC447B /* ChecklistdUITests */ = {
			isa = PBXFileSystemSynchronizedRootGroup;
			path = ChecklistdUITests;
			sourceTree = "<group>";
		};
/* End PBXFileSystemSynchronizedRootGroup section */

/* Begin PBXFrameworksBuildPhase section */
		1A1BFA3130042A8900BC447B /* Frameworks */ = {
			isa = PBXFrameworksBuildPhase;
			buildActionMask = 2147483647;
			files = (
				1A005853300590BD00A2CCE8 /* Expression in Frameworks */,
				1A4F8446300AE93E00CEE6D1 /* OctoKit in Frameworks */,
				1A00584430042E1600A2CCE8 /* VersionedCodable in Frameworks */,
				1A4F843D300ADA5A00CEE6D1 /* KeychainSwift in Frameworks */,
				1A4F843A300AC9ED00CEE6D1 /* SwiftGitX in Frameworks */,
			);
			runOnlyForDeploymentPostprocessing = 0;
		};
		1A1BFA3E30042A8A00BC447B /* Frameworks */ = {
			isa = PBXFrameworksBuildPhase;
			buildActionMask = 2147483647;
			files = (
			);
			runOnlyForDeploymentPostprocessing = 0;
		};
		1A1BFA4830042A8A00BC447B /* Frameworks */ = {
			isa = PBXFrameworksBuildPhase;
			buildActionMask = 2147483647;
			files = (
			);
			runOnlyForDeploymentPostprocessing = 0;
		};
/* End PBXFrameworksBuildPhase section */

/* Begin PBXGroup section */
		1A1BFA2B30042A8900BC447B = {
			isa = PBXGroup;
			children = (
				1A00584F3005736100A2CCE8 /* test.json */,
				1A1BFA3630042A8900BC447B /* Checklistd */,
				1A1BFA4430042A8A00BC447B /* ChecklistdTests */,
				1A1BFA4E30042A8A00BC447B /* ChecklistdUITests */,
				1A1BFA3530042A8900BC447B /* Products */,
			);
			sourceTree = "<group>";
		};
		1A1BFA3530042A8900BC447B /* Products */ = {
			isa = PBXGroup;
			children = (
				1A1BFA3430042A8900BC447B /* Checklistd.app */,
				1A1BFA4130042A8A00BC447B /* ChecklistdTests.xctest */,
				1A1BFA4B30042A8A00BC447B /* ChecklistdUITests.xctest */,
			);
			name = Products;
			sourceTree = "<group>";
		};
/* End PBXGroup section */

/* Begin PBXNativeTarget section */
		1A1BFA3330042A8900BC447B /* Checklistd */ = {
			isa = PBXNativeTarget;
			buildConfigurationList = 1A1BFA5530042A8A00BC447B /* Build configuration list for PBXNativeTarget "Checklistd" */;
			buildPhases = (
				1A1BFA3030042A8900BC447B /* Sources */,
				1A1BFA3130042A8900BC447B /* Frameworks */,
				1A1BFA3230042A8900BC447B /* Resources */,
			);
			buildRules = (
			);
			dependencies = (
			);
			fileSystemSynchronizedGroups = (
				1A1BFA3630042A8900BC447B /* Checklistd */,
			);
			name = Checklistd;
			packageProductDependencies = (
				1A00584330042E1600A2CCE8 /* VersionedCodable */,
				1A005852300590BD00A2CCE8 /* Expression */,
				1A4F8439300AC9ED00CEE6D1 /* SwiftGitX */,
				1A4F843C300ADA5A00CEE6D1 /* KeychainSwift */,
				1A4F8445300AE93E00CEE6D1 /* OctoKit */,
			);
			productName = Checklistd;
			productReference = 1A1BFA3430042A8900BC447B /* Checklistd.app */;
			productType = "com.apple.product-type.application";
		};
		1A1BFA4030042A8A00BC447B /* ChecklistdTests */ = {
			isa = PBXNativeTarget;
			buildConfigurationList = 1A1BFA5830042A8A00BC447B /* Build configuration list for PBXNativeTarget "ChecklistdTests" */;
			buildPhases = (
				1A1BFA3D30042A8A00BC447B /* Sources */,
				1A1BFA3E30042A8A00BC447B /* Frameworks */,
				1A1BFA3F30042A8A00BC447B /* Resources */,
			);
			buildRules = (
			);
			dependencies = (
				1A1BFA4330042A8A00BC447B /* PBXTargetDependency */,
			);
			fileSystemSynchronizedGroups = (
				1A1BFA4430042A8A00BC447B /* ChecklistdTests */,
			);
			name = ChecklistdTests;
			packageProductDependencies = (
			);
			productName = ChecklistdTests;
			productReference = 1A1BFA4130042A8A00BC447B /* ChecklistdTests.xctest */;
			productType = "com.apple.product-type.bundle.unit-test";
		};
		1A1BFA4A30042A8A00BC447B /* ChecklistdUITests */ = {
			isa = PBXNativeTarget;
			buildConfigurationList = 1A1BFA5B30042A8A00BC447B /* Build configuration list for PBXNativeTarget "ChecklistdUITests" */;
			buildPhases = (
				1A1BFA4730042A8A00BC447B /* Sources */,
				1A1BFA4830042A8A00BC447B /* Frameworks */,
				1A1BFA4930042A8A00BC447B /* Resources */,
			);
			buildRules = (
			);
			dependencies = (
				1A1BFA4D30042A8A00BC447B /* PBXTargetDependency */,
			);
			fileSystemSynchronizedGroups = (
				1A1BFA4E30042A8A00BC447B /* ChecklistdUITests */,
			);
			name = ChecklistdUITests;
			packageProductDependencies = (
			);
			productName = ChecklistdUITests;
			productReference = 1A1BFA4B30042A8A00BC447B /* ChecklistdUITests.xctest */;
			productType = "com.apple.product-type.bundle.ui-testing";
		};
/* End PBXNativeTarget section */

/* Begin PBXProject section */
		1A1BFA2C30042A8900BC447B /* Project object */ = {
			isa = PBXProject;
			attributes = {
				BuildIndependentTargetsInParallel = 1;
				LastSwiftUpdateCheck = 2660;
				LastUpgradeCheck = 2660;
				TargetAttributes = {
					1A1BFA3330042A8900BC447B = {
						CreatedOnToolsVersion = 26.6;
					};
					1A1BFA4030042A8A00BC447B = {
						CreatedOnToolsVersion = 26.6;
						TestTargetID = 1A1BFA3330042A8900BC447B;
					};
					1A1BFA4A30042A8A00BC447B = {
						CreatedOnToolsVersion = 26.6;
						TestTargetID = 1A1BFA3330042A8900BC447B;
					};
				};
			};
			buildConfigurationList = 1A1BFA2F30042A8900BC447B /* Build configuration list for PBXProject "Checklistd" */;
			developmentRegion = en;
			hasScannedForEncodings = 0;
			knownRegions = (
				en,
				Base,
			);
			mainGroup = 1A1BFA2B30042A8900BC447B;
			minimizedProjectReferenceProxies = 1;
			packageReferences = (
				1A00584230042E1600A2CCE8 /* XCRemoteSwiftPackageReference "VersionedCodable" */,
				1A005851300590BD00A2CCE8 /* XCRemoteSwiftPackageReference "Expression" */,
				1A4F8438300AC9ED00CEE6D1 /* XCRemoteSwiftPackageReference "SwiftGitX" */,
				1A4F843B300ADA5A00CEE6D1 /* XCRemoteSwiftPackageReference "keychain-swift" */,
				1A4F8444300AE93E00CEE6D1 /* XCRemoteSwiftPackageReference "octokit" */,
			);
			preferredProjectObjectVersion = 77;
			productRefGroup = 1A1BFA3530042A8900BC447B /* Products */;
			projectDirPath = "";
			projectRoot = "";
			targets = (
				1A1BFA3330042A8900BC447B /* Checklistd */,
				1A1BFA4030042A8A00BC447B /* ChecklistdTests */,
				1A1BFA4A30042A8A00BC447B /* ChecklistdUITests */,
			);
		};
/* End PBXProject section */

/* Begin PBXResourcesBuildPhase section */
		1A1BFA3230042A8900BC447B /* Resources */ = {
			isa = PBXResourcesBuildPhase;
			buildActionMask = 2147483647;
			files = (
				1A0058503005736B00A2CCE8 /* test.json in Resources */,
			);
			runOnlyForDeploymentPostprocessing = 0;
		};
		1A1BFA3F30042A8A00BC447B /* Resources */ = {
			isa = PBXResourcesBuildPhase;
			buildActionMask = 2147483647;
			files = (
			);
			runOnlyForDeploymentPostprocessing = 0;
		};
		1A1BFA4930042A8A00BC447B /* Resources */ = {
			isa = PBXResourcesBuildPhase;
			buildActionMask = 2147483647;
			files = (
			);
			runOnlyForDeploymentPostprocessing = 0;
		};
/* End PBXResourcesBuildPhase section */

/* Begin PBXSourcesBuildPhase section */
		1A1BFA3030042A8900BC447B /* Sources */ = {
			isa = PBXSourcesBuildPhase;
			buildActionMask = 2147483647;
			files = (
			);
			runOnlyForDeploymentPostprocessing = 0;
		};
		1A1BFA3D30042A8A00BC447B /* Sources */ = {
			isa = PBXSourcesBuildPhase;
			buildActionMask = 2147483647;
			files = (
			);
			runOnlyForDeploymentPostprocessing = 0;
		};
		1A1BFA4730042A8A00BC447B /* Sources */ = {
			isa = PBXSourcesBuildPhase;
			buildActionMask = 2147483647;
			files = (
			);
			runOnlyForDeploymentPostprocessing = 0;
		};
/* End PBXSourcesBuildPhase section */

/* Begin PBXTargetDependency section */
		1A1BFA4330042A8A00BC447B /* PBXTargetDependency */ = {
			isa = PBXTargetDependency;
			target = 1A1BFA3330042A8900BC447B /* Checklistd */;
			targetProxy = 1A1BFA4230042A8A00BC447B /* PBXContainerItemProxy */;
		};
		1A1BFA4D30042A8A00BC447B /* PBXTargetDependency */ = {
			isa = PBXTargetDependency;
			target = 1A1BFA3330042A8900BC447B /* Checklistd */;
			targetProxy = 1A1BFA4C30042A8A00BC447B /* PBXContainerItemProxy */;
		};
/* End PBXTargetDependency section */

/* Begin XCBuildConfiguration section */
		1A1BFA5330042A8A00BC447B /* Debug */ = {
			isa = XCBuildConfiguration;
			buildSettings = {
				ALWAYS_SEARCH_USER_PATHS = NO;
				ASSETCATALOG_COMPILER_GENERATE_SWIFT_ASSET_SYMBOL_EXTENSIONS = YES;
				CLANG_ANALYZER_NONNULL = YES;
				CLANG_ANALYZER_NUMBER_OBJECT_CONVERSION = YES_AGGRESSIVE;
				CLANG_CXX_LANGUAGE_STANDARD = "gnu++20";
				CLANG_ENABLE_MODULES = YES;
				CLANG_ENABLE_OBJC_ARC = YES;
				CLANG_ENABLE_OBJC_WEAK = YES;
				CLANG_WARN_BLOCK_CAPTURE_AUTORELEASING = YES;
				CLANG_WARN_BOOL_CONVERSION = YES;
				CLANG_WARN_COMMA = YES;
				CLANG_WARN_CONSTANT_CONVERSION = YES;
				CLANG_WARN_DEPRECATED_OBJC_IMPLEMENTATIONS = YES;
				CLANG_WARN_DIRECT_OBJC_ISA_USAGE = YES_ERROR;
				CLANG_WARN_DOCUMENTATION_COMMENTS = YES;
				CLANG_WARN_EMPTY_BODY = YES;
				CLANG_WARN_ENUM_CONVERSION = YES;
				CLANG_WARN_INFINITE_RECURSION = YES;
				CLANG_WARN_INT_CONVERSION = YES;
				CLANG_WARN_NON_LITERAL_NULL_CONVERSION = YES;
				CLANG_WARN_OBJC_IMPLICIT_RETAIN_SELF = YES;
				CLANG_WARN_OBJC_LITERAL_CONVERSION = YES;
				CLANG_WARN_OBJC_ROOT_CLASS = YES_ERROR;
				CLANG_WARN_QUOTED_INCLUDE_IN_FRAMEWORK_HEADER = YES;
				CLANG_WARN_RANGE_LOOP_ANALYSIS = YES;
				CLANG_WARN_STRICT_PROTOTYPES = YES;
				CLANG_WARN_SUSPICIOUS_MOVE = YES;
				CLANG_WARN_UNGUARDED_AVAILABILITY = YES_AGGRESSIVE;
				CLANG_WARN_UNREACHABLE_CODE = YES;
				CLANG_WARN__DUPLICATE_METHOD_MATCH = YES;
				COPY_PHASE_STRIP = NO;
				DEBUG_INFORMATION_FORMAT = dwarf;
				DEVELOPMENT_TEAM = D5YR5XE2X6;
				ENABLE_STRICT_OBJC_MSGSEND = YES;
				ENABLE_TESTABILITY = YES;
				ENABLE_USER_SCRIPT_SANDBOXING = YES;
				GCC_C_LANGUAGE_STANDARD = gnu17;
				GCC_DYNAMIC_NO_PIC = NO;
				GCC_NO_COMMON_BLOCKS = YES;
				GCC_OPTIMIZATION_LEVEL = 0;
				GCC_PREPROCESSOR_DEFINITIONS = (
					"DEBUG=1",
					"$(inherited)",
				);
				GCC_WARN_64_TO_32_BIT_CONVERSION = YES;
				GCC_WARN_ABOUT_RETURN_TYPE = YES_ERROR;
				GCC_WARN_UNDECLARED_SELECTOR = YES;
				GCC_WARN_UNINITIALIZED_AUTOS = YES_AGGRESSIVE;
				GCC_WARN_UNUSED_FUNCTION = YES;
				GCC_WARN_UNUSED_VARIABLE = YES;
				LOCALIZATION_PREFERS_STRING_CATALOGS = YES;
				MTL_ENABLE_DEBUG_INFO = INCLUDE_SOURCE;
				MTL_FAST_MATH = YES;
				ONLY_ACTIVE_ARCH = YES;
				SWIFT_ACTIVE_COMPILATION_CONDITIONS = "DEBUG $(inherited)";
				SWIFT_OPTIMIZATION_LEVEL = "-Onone";
			};
			name = Debug;
		};
		1A1BFA5430042A8A00BC447B /* Release */ = {
			isa = XCBuildConfiguration;
			buildSettings = {
				ALWAYS_SEARCH_USER_PATHS = NO;
				ASSETCATALOG_COMPILER_GENERATE_SWIFT_ASSET_SYMBOL_EXTENSIONS = YES;
				CLANG_ANALYZER_NONNULL = YES;
				CLANG_ANALYZER_NUMBER_OBJECT_CONVERSION = YES_AGGRESSIVE;
				CLANG_CXX_LANGUAGE_STANDARD = "gnu++20";
				CLANG_ENABLE_MODULES = YES;
				CLANG_ENABLE_OBJC_ARC = YES;
				CLANG_ENABLE_OBJC_WEAK = YES;
				CLANG_WARN_BLOCK_CAPTURE_AUTORELEASING = YES;
				CLANG_WARN_BOOL_CONVERSION = YES;
				CLANG_WARN_COMMA = YES;
				CLANG_WARN_CONSTANT_CONVERSION = YES;
				CLANG_WARN_DEPRECATED_OBJC_IMPLEMENTATIONS = YES;
				CLANG_WARN_DIRECT_OBJC_ISA_USAGE = YES_ERROR;
				CLANG_WARN_DOCUMENTATION_COMMENTS = YES;
				CLANG_WARN_EMPTY_BODY = YES;
				CLANG_WARN_ENUM_CONVERSION = YES;
				CLANG_WARN_INFINITE_RECURSION = YES;
				CLANG_WARN_INT_CONVERSION = YES;
				CLANG_WARN_NON_LITERAL_NULL_CONVERSION = YES;
				CLANG_WARN_OBJC_IMPLICIT_RETAIN_SELF = YES;
				CLANG_WARN_OBJC_LITERAL_CONVERSION = YES;
				CLANG_WARN_OBJC_ROOT_CLASS = YES_ERROR;
				CLANG_WARN_QUOTED_INCLUDE_IN_FRAMEWORK_HEADER = YES;
				CLANG_WARN_RANGE_LOOP_ANALYSIS = YES;
				CLANG_WARN_STRICT_PROTOTYPES = YES;
				CLANG_WARN_SUSPICIOUS_MOVE = YES;
				CLANG_WARN_UNGUARDED_AVAILABILITY = YES_AGGRESSIVE;
				CLANG_WARN_UNREACHABLE_CODE = YES;
				CLANG_WARN__DUPLICATE_METHOD_MATCH = YES;
				COPY_PHASE_STRIP = NO;
				DEBUG_INFORMATION_FORMAT = "dwarf-with-dsym";
				DEVELOPMENT_TEAM = D5YR5XE2X6;
				ENABLE_NS_ASSERTIONS = NO;
				ENABLE_STRICT_OBJC_MSGSEND = YES;
				ENABLE_USER_SCRIPT_SANDBOXING = YES;
				GCC_C_LANGUAGE_STANDARD = gnu17;
				GCC_NO_COMMON_BLOCKS = YES;
				GCC_WARN_64_TO_32_BIT_CONVERSION = YES;
				GCC_WARN_ABOUT_RETURN_TYPE = YES_ERROR;
				GCC_WARN_UNDECLARED_SELECTOR = YES;
				GCC_WARN_UNINITIALIZED_AUTOS = YES_AGGRESSIVE;
				GCC_WARN_UNUSED_FUNCTION = YES;
				GCC_WARN_UNUSED_VARIABLE = YES;
				LOCALIZATION_PREFERS_STRING_CATALOGS = YES;
				MTL_ENABLE_DEBUG_INFO = NO;
				MTL_FAST_MATH = YES;
				SWIFT_COMPILATION_MODE = wholemodule;
			};
			name = Release;
		};
		1A1BFA5630042A8A00BC447B /* Debug */ = {
			isa = XCBuildConfiguration;
			buildSettings = {
				ASSETCATALOG_COMPILER_APPICON_NAME = AppIcon;
				ASSETCATALOG_COMPILER_GLOBAL_ACCENT_COLOR_NAME = AccentColor;
				CODE_SIGN_ENTITLEMENTS = Checklistd/Checklistd.entitlements;
				CODE_SIGN_STYLE = Automatic;
				CURRENT_PROJECT_VERSION = 1;
				DEVELOPMENT_TEAM = D5YR5XE2X6;
				ENABLE_APP_SANDBOX = YES;
				ENABLE_HARDENED_RUNTIME = YES;
				ENABLE_PREVIEWS = YES;
				ENABLE_USER_SELECTED_FILES = readonly;
				GENERATE_INFOPLIST_FILE = YES;
				INFOPLIST_KEY_LSApplicationCategoryType = "public.app-category.productivity";
				"INFOPLIST_KEY_UIApplicationSceneManifest_Generation[sdk=iphoneos*]" = YES;
				"INFOPLIST_KEY_UIApplicationSceneManifest_Generation[sdk=iphonesimulator*]" = YES;
				"INFOPLIST_KEY_UIApplicationSupportsIndirectInputEvents[sdk=iphoneos*]" = YES;
				"INFOPLIST_KEY_UIApplicationSupportsIndirectInputEvents[sdk=iphonesimulator*]" = YES;
				"INFOPLIST_KEY_UILaunchScreen_Generation[sdk=iphoneos*]" = YES;
				"INFOPLIST_KEY_UILaunchScreen_Generation[sdk=iphonesimulator*]" = YES;
				"INFOPLIST_KEY_UIStatusBarStyle[sdk=iphoneos*]" = UIStatusBarStyleDefault;
				"INFOPLIST_KEY_UIStatusBarStyle[sdk=iphonesimulator*]" = UIStatusBarStyleDefault;
				INFOPLIST_KEY_UISupportedInterfaceOrientations_iPad = "UIInterfaceOrientationPortrait UIInterfaceOrientationPortraitUpsideDown UIInterfaceOrientationLandscapeLeft UIInterfaceOrientationLandscapeRight";
				INFOPLIST_KEY_UISupportedInterfaceOrientations_iPhone = "UIInterfaceOrientationPortrait UIInterfaceOrientationLandscapeLeft UIInterfaceOrientationLandscapeRight";
				IPHONEOS_DEPLOYMENT_TARGET = 26.5;
				LD_RUNPATH_SEARCH_PATHS = "@executable_path/Frameworks";
				"LD_RUNPATH_SEARCH_PATHS[sdk=macosx*]" = "@executable_path/../Frameworks";
				MACOSX_DEPLOYMENT_TARGET = 26.5;
				MARKETING_VERSION = 1.0;
				PRODUCT_BUNDLE_IDENTIFIER = me.matusevich.Checklistd;
				PRODUCT_NAME = "$(TARGET_NAME)";
				REGISTER_APP_GROUPS = YES;
				SDKROOT = auto;
				STRING_CATALOG_GENERATE_SYMBOLS = YES;
				SUPPORTED_PLATFORMS = "iphoneos iphonesimulator macosx xros xrsimulator";
				SWIFT_APPROACHABLE_CONCURRENCY = YES;
				SWIFT_DEFAULT_ACTOR_ISOLATION = MainActor;
				SWIFT_EMIT_LOC_STRINGS = YES;
				SWIFT_UPCOMING_FEATURE_MEMBER_IMPORT_VISIBILITY = YES;
				SWIFT_VERSION = 5.0;
				TARGETED_DEVICE_FAMILY = "1,2,7";
				XROS_DEPLOYMENT_TARGET = 26.5;
			};
			name = Debug;
		};
		1A1BFA5730042A8A00BC447B /* Release */ = {
			isa = XCBuildConfiguration;
			buildSettings = {
				ASSETCATALOG_COMPILER_APPICON_NAME = AppIcon;
				ASSETCATALOG_COMPILER_GLOBAL_ACCENT_COLOR_NAME = AccentColor;
				CODE_SIGN_ENTITLEMENTS = Checklistd/Checklistd.entitlements;
				CODE_SIGN_STYLE = Automatic;
				CURRENT_PROJECT_VERSION = 1;
				DEVELOPMENT_TEAM = D5YR5XE2X6;
				ENABLE_APP_SANDBOX = YES;
				ENABLE_HARDENED_RUNTIME = YES;
				ENABLE_PREVIEWS = YES;
				ENABLE_USER_SELECTED_FILES = readonly;
				GENERATE_INFOPLIST_FILE = YES;
				INFOPLIST_KEY_LSApplicationCategoryType = "public.app-category.productivity";
				"INFOPLIST_KEY_UIApplicationSceneManifest_Generation[sdk=iphoneos*]" = YES;
				"INFOPLIST_KEY_UIApplicationSceneManifest_Generation[sdk=iphonesimulator*]" = YES;
				"INFOPLIST_KEY_UIApplicationSupportsIndirectInputEvents[sdk=iphoneos*]" = YES;
				"INFOPLIST_KEY_UIApplicationSupportsIndirectInputEvents[sdk=iphonesimulator*]" = YES;
				"INFOPLIST_KEY_UILaunchScreen_Generation[sdk=iphoneos*]" = YES;
				"INFOPLIST_KEY_UILaunchScreen_Generation[sdk=iphonesimulator*]" = YES;
				"INFOPLIST_KEY_UIStatusBarStyle[sdk=iphoneos*]" = UIStatusBarStyleDefault;
				"INFOPLIST_KEY_UIStatusBarStyle[sdk=iphonesimulator*]" = UIStatusBarStyleDefault;
				INFOPLIST_KEY_UISupportedInterfaceOrientations_iPad = "UIInterfaceOrientationPortrait UIInterfaceOrientationPortraitUpsideDown UIInterfaceOrientationLandscapeLeft UIInterfaceOrientationLandscapeRight";
				INFOPLIST_KEY_UISupportedInterfaceOrientations_iPhone = "UIInterfaceOrientationPortrait UIInterfaceOrientationLandscapeLeft UIInterfaceOrientationLandscapeRight";
				IPHONEOS_DEPLOYMENT_TARGET = 26.5;
				LD_RUNPATH_SEARCH_PATHS = "@executable_path/Frameworks";
				"LD_RUNPATH_SEARCH_PATHS[sdk=macosx*]" = "@executable_path/../Frameworks";
				MACOSX_DEPLOYMENT_TARGET = 26.5;
				MARKETING_VERSION = 1.0;
				PRODUCT_BUNDLE_IDENTIFIER = me.matusevich.Checklistd;
				PRODUCT_NAME = "$(TARGET_NAME)";
				REGISTER_APP_GROUPS = YES;
				SDKROOT = auto;
				STRING_CATALOG_GENERATE_SYMBOLS = YES;
				SUPPORTED_PLATFORMS = "iphoneos iphonesimulator macosx xros xrsimulator";
				SWIFT_APPROACHABLE_CONCURRENCY = YES;
				SWIFT_DEFAULT_ACTOR_ISOLATION = MainActor;
				SWIFT_EMIT_LOC_STRINGS = YES;
				SWIFT_UPCOMING_FEATURE_MEMBER_IMPORT_VISIBILITY = YES;
				SWIFT_VERSION = 5.0;
				TARGETED_DEVICE_FAMILY = "1,2,7";
				XROS_DEPLOYMENT_TARGET = 26.5;
			};
			name = Release;
		};
		1A1BFA5930042A8A00BC447B /* Debug */ = {
			isa = XCBuildConfiguration;
			buildSettings = {
				BUNDLE_LOADER = "$(TEST_HOST)";
				CODE_SIGN_STYLE = Automatic;
				CURRENT_PROJECT_VERSION = 1;
				DEVELOPMENT_TEAM = D5YR5XE2X6;
				GENERATE_INFOPLIST_FILE = YES;
				IPHONEOS_DEPLOYMENT_TARGET = 26.5;
				MACOSX_DEPLOYMENT_TARGET = 26.5;
				MARKETING_VERSION = 1.0;
				PRODUCT_BUNDLE_IDENTIFIER = me.matusevich.ChecklistdTests;
				PRODUCT_NAME = "$(TARGET_NAME)";
				SDKROOT = auto;
				STRING_CATALOG_GENERATE_SYMBOLS = NO;
				SUPPORTED_PLATFORMS = "iphoneos iphonesimulator macosx xros xrsimulator";
				SWIFT_APPROACHABLE_CONCURRENCY = YES;
				SWIFT_EMIT_LOC_STRINGS = NO;
				SWIFT_UPCOMING_FEATURE_MEMBER_IMPORT_VISIBILITY = YES;
				SWIFT_VERSION = 5.0;
				TARGETED_DEVICE_FAMILY = "1,2,7";
				TEST_HOST = "$(BUILT_PRODUCTS_DIR)/Checklistd.app/$(BUNDLE_EXECUTABLE_FOLDER_PATH)/Checklistd";
				XROS_DEPLOYMENT_TARGET = 26.5;
			};
			name = Debug;
		};
		1A1BFA5A30042A8A00BC447B /* Release */ = {
			isa = XCBuildConfiguration;
			buildSettings = {
				BUNDLE_LOADER = "$(TEST_HOST)";
				CODE_SIGN_STYLE = Automatic;
				CURRENT_PROJECT_VERSION = 1;
				DEVELOPMENT_TEAM = D5YR5XE2X6;
				GENERATE_INFOPLIST_FILE = YES;
				IPHONEOS_DEPLOYMENT_TARGET = 26.5;
				MACOSX_DEPLOYMENT_TARGET = 26.5;
				MARKETING_VERSION = 1.0;
				PRODUCT_BUNDLE_IDENTIFIER = me.matusevich.ChecklistdTests;
				PRODUCT_NAME = "$(TARGET_NAME)";
				SDKROOT = auto;
				STRING_CATALOG_GENERATE_SYMBOLS = NO;
				SUPPORTED_PLATFORMS = "iphoneos iphonesimulator macosx xros xrsimulator";
				SWIFT_APPROACHABLE_CONCURRENCY = YES;
				SWIFT_EMIT_LOC_STRINGS = NO;
				SWIFT_UPCOMING_FEATURE_MEMBER_IMPORT_VISIBILITY = YES;
				SWIFT_VERSION = 5.0;
				TARGETED_DEVICE_FAMILY = "1,2,7";
				TEST_HOST = "$(BUILT_PRODUCTS_DIR)/Checklistd.app/$(BUNDLE_EXECUTABLE_FOLDER_PATH)/Checklistd";
				XROS_DEPLOYMENT_TARGET = 26.5;
			};
			name = Release;
		};
		1A1BFA5C30042A8A00BC447B /* Debug */ = {
			isa = XCBuildConfiguration;
			buildSettings = {
				CODE_SIGN_STYLE = Automatic;
				CURRENT_PROJECT_VERSION = 1;
				DEVELOPMENT_TEAM = D5YR5XE2X6;
				GENERATE_INFOPLIST_FILE = YES;
				IPHONEOS_DEPLOYMENT_TARGET = 26.5;
				MACOSX_DEPLOYMENT_TARGET = 26.5;
				MARKETING_VERSION = 1.0;
				PRODUCT_BUNDLE_IDENTIFIER = me.matusevich.ChecklistdUITests;
				PRODUCT_NAME = "$(TARGET_NAME)";
				SDKROOT = auto;
				STRING_CATALOG_GENERATE_SYMBOLS = NO;
				SUPPORTED_PLATFORMS = "iphoneos iphonesimulator macosx xros xrsimulator";
				SWIFT_APPROACHABLE_CONCURRENCY = YES;
				SWIFT_EMIT_LOC_STRINGS = NO;
				SWIFT_UPCOMING_FEATURE_MEMBER_IMPORT_VISIBILITY = YES;
				SWIFT_VERSION = 5.0;
				TARGETED_DEVICE_FAMILY = "1,2,7";
				TEST_TARGET_NAME = Checklistd;
				XROS_DEPLOYMENT_TARGET = 26.5;
			};
			name = Debug;
		};
		1A1BFA5D30042A8A00BC447B /* Release */ = {
			isa = XCBuildConfiguration;
			buildSettings = {
				CODE_SIGN_STYLE = Automatic;
				CURRENT_PROJECT_VERSION = 1;
				DEVELOPMENT_TEAM = D5YR5XE2X6;
				GENERATE_INFOPLIST_FILE = YES;
				IPHONEOS_DEPLOYMENT_TARGET = 26.5;
				MACOSX_DEPLOYMENT_TARGET = 26.5;
				MARKETING_VERSION = 1.0;
				PRODUCT_BUNDLE_IDENTIFIER = me.matusevich.ChecklistdUITests;
				PRODUCT_NAME = "$(TARGET_NAME)";
				SDKROOT = auto;
				STRING_CATALOG_GENERATE_SYMBOLS = NO;
				SUPPORTED_PLATFORMS = "iphoneos iphonesimulator macosx xros xrsimulator";
				SWIFT_APPROACHABLE_CONCURRENCY = YES;
				SWIFT_EMIT_LOC_STRINGS = NO;
				SWIFT_UPCOMING_FEATURE_MEMBER_IMPORT_VISIBILITY = YES;
				SWIFT_VERSION = 5.0;
				TARGETED_DEVICE_FAMILY = "1,2,7";
				TEST_TARGET_NAME = Checklistd;
				XROS_DEPLOYMENT_TARGET = 26.5;
			};
			name = Release;
		};
/* End XCBuildConfiguration section */

/* Begin XCConfigurationList section */
		1A1BFA2F30042A8900BC447B /* Build configuration list for PBXProject "Checklistd" */ = {
			isa = XCConfigurationList;
			buildConfigurations = (
				1A1BFA5330042A8A00BC447B /* Debug */,
				1A1BFA5430042A8A00BC447B /* Release */,
			);
			defaultConfigurationIsVisible = 0;
			defaultConfigurationName = Release;
		};
		1A1BFA5530042A8A00BC447B /* Build configuration list for PBXNativeTarget "Checklistd" */ = {
			isa = XCConfigurationList;
			buildConfigurations = (
				1A1BFA5630042A8A00BC447B /* Debug */,
				1A1BFA5730042A8A00BC447B /* Release */,
			);
			defaultConfigurationIsVisible = 0;
			defaultConfigurationName = Release;
		};
		1A1BFA5830042A8A00BC447B /* Build configuration list for PBXNativeTarget "ChecklistdTests" */ = {
			isa = XCConfigurationList;
			buildConfigurations = (
				1A1BFA5930042A8A00BC447B /* Debug */,
				1A1BFA5A30042A8A00BC447B /* Release */,
			);
			defaultConfigurationIsVisible = 0;
			defaultConfigurationName = Release;
		};
		1A1BFA5B30042A8A00BC447B /* Build configuration list for PBXNativeTarget "ChecklistdUITests" */ = {
			isa = XCConfigurationList;
			buildConfigurations = (
				1A1BFA5C30042A8A00BC447B /* Debug */,
				1A1BFA5D30042A8A00BC447B /* Release */,
			);
			defaultConfigurationIsVisible = 0;
			defaultConfigurationName = Release;
		};
/* End XCConfigurationList section */

/* Begin XCRemoteSwiftPackageReference section */
		1A00584230042E1600A2CCE8 /* XCRemoteSwiftPackageReference "VersionedCodable" */ = {
			isa = XCRemoteSwiftPackageReference;
			repositoryURL = "https://github.com/jrothwell/VersionedCodable.git";
			requirement = {
				kind = upToNextMajorVersion;
				minimumVersion = 1.0.2;
			};
		};
		1A005851300590BD00A2CCE8 /* XCRemoteSwiftPackageReference "Expression" */ = {
			isa = XCRemoteSwiftPackageReference;
			repositoryURL = "https://github.com/nicklockwood/Expression.git";
			requirement = {
				kind = upToNextMajorVersion;
				minimumVersion = 0.13.9;
			};
		};
		1A4F8438300AC9ED00CEE6D1 /* XCRemoteSwiftPackageReference "SwiftGitX" */ = {
			isa = XCRemoteSwiftPackageReference;
			repositoryURL = "https://github.com/ibrahimcetin/SwiftGitX.git";
			requirement = {
				kind = upToNextMajorVersion;
				minimumVersion = 0.4.0;
			};
		};
		1A4F843B300ADA5A00CEE6D1 /* XCRemoteSwiftPackageReference "keychain-swift" */ = {
			isa = XCRemoteSwiftPackageReference;
			repositoryURL = "https://github.com/evgenyneu/keychain-swift.git";
			requirement = {
				kind = upToNextMajorVersion;
				minimumVersion = 24.0.0;
			};
		};
		1A4F8444300AE93E00CEE6D1 /* XCRemoteSwiftPackageReference "octokit" */ = {
			isa = XCRemoteSwiftPackageReference;
			repositoryURL = "https://github.com/nerdishbynature/octokit.swift";
			requirement = {
				kind = upToNextMajorVersion;
				minimumVersion = 0.14.0;
			};
		};
/* End XCRemoteSwiftPackageReference section */

/* Begin XCSwiftPackageProductDependency section */
		1A00584330042E1600A2CCE8 /* VersionedCodable */ = {
			isa = XCSwiftPackageProductDependency;
			package = 1A00584230042E1600A2CCE8 /* XCRemoteSwiftPackageReference "VersionedCodable" */;
			productName = VersionedCodable;
		};
		1A005852300590BD00A2CCE8 /* Expression */ = {
			isa = XCSwiftPackageProductDependency;
			package = 1A005851300590BD00A2CCE8 /* XCRemoteSwiftPackageReference "Expression" */;
			productName = Expression;
		};
		1A4F8439300AC9ED00CEE6D1 /* SwiftGitX */ = {
			isa = XCSwiftPackageProductDependency;
			package = 1A4F8438300AC9ED00CEE6D1 /* XCRemoteSwiftPackageReference "SwiftGitX" */;
			productName = SwiftGitX;
		};
		1A4F843C300ADA5A00CEE6D1 /* KeychainSwift */ = {
			isa = XCSwiftPackageProductDependency;
			package = 1A4F843B300ADA5A00CEE6D1 /* XCRemoteSwiftPackageReference "keychain-swift" */;
			productName = KeychainSwift;
		};
		1A4F8445300AE93E00CEE6D1 /* OctoKit */ = {
			isa = XCSwiftPackageProductDependency;
			package = 1A4F8444300AE93E00CEE6D1 /* XCRemoteSwiftPackageReference "octokit" */;
			productName = OctoKit;
		};
/* End XCSwiftPackageProductDependency section */
	};
	rootObject = 1A1BFA2C30042A8900BC447B /* Project object */;
}
